<?xml version="1.0" encoding="utf-8"?>
<Project ToolsVersion="4.0" xmlns="http://schemas.microsoft.com/developer/msbuild/2003">
  <ItemGroup>
    <ClCompile Include="..\..\Tests\GGLabAppRuntime\ApplicationFrameworkSelfTests.cpp" />
    <ClCompile Include="..\..\Tests\GGLabAppRuntime\GGLabAppRuntimeLifecycleSelfTests.cpp" />
  </ItemGroup>
  <ItemGroup>
    <ClInclude Include="..\..\Tests\GGLabAppRuntime\ApplicationFrameworkSelfTests.h" />
  </ItemGroup>
</Project>