<?xml version="1.0" encoding="utf-8"?>
<Project ToolsVersion="4.0" xmlns="http://schemas.microsoft.com/developer/msbuild/2003">
  <ItemGroup>
    <Filter Include="Core">
      <UniqueIdentifier>{bb74519f-06d0-430b-9631-02634c26ac92}</UniqueIdentifier>
    </Filter>
    <Filter Include="Graphics">
      <UniqueIdentifier>{4FC737F1-C7A5-4376-A066-2A32D752A2FF}</UniqueIdentifier>
      <Extensions>cpp;c;cc;cxx;c++;cppm;ixx;def;odl;idl;hpj;bat;asm;asmx</Extensions>
    </Filter>
    <Filter Include="Graphics\DX12">
      <UniqueIdentifier>{f5b4b727-4377-4dc7-8d7e-b4405ebffc37}</UniqueIdentifier>
    </Filter>
    <Filter Include="Shaders">
      <UniqueIdentifier>{e898ac8d-f0d5-4655-8f87-f8004c50a20b}</UniqueIdentifier>
    </Filter>
    <Filter Include="Externals">
      <UniqueIdentifier>{6c9be8e9-f3c0-480e-b08c-55933a3aeb4c}</UniqueIdentifier>
    </Filter>
    <Filter Include="Externals\D3D12MemAlloc">
      <UniqueIdentifier>{7847d186-1580-4b5a-b232-ed9305fc091c}</UniqueIdentifier>
    </Filter>
  </ItemGroup>
  <ItemGroup>
    <ClCompile Include="Renderer.cpp">
      <Filter>Graphics</Filter>
    </ClCompile>
    <ClCompile Include="DX12CommandQueue.cpp">
      <Filter>Graphics\DX12</Filter>
    </ClCompile>
    <ClCompile Include="DX12Device.cpp">
      <Filter>Graphics\DX12</Filter>
    </ClCompile>
    <ClCompile Include="DX12SwapChain.cpp">
      <Filter>Graphics\DX12</Filter>
    </ClCompile>
    <ClCompile Include="DX12CommandList.cpp">
      <Filter>Graphics\DX12</Filter>
    </ClCompile>
    <ClCompile Include="Utility.cpp">
      <Filter>Core</Filter>
    </ClCompile>
    <ClCompile Include="Precompiled.cpp">
      <Filter>Core</Filter>
    </ClCompile>
    <ClCompile Include="Main.cpp">
      <Filter>Core</Filter>
    </ClCompile>
    <ClCompile Include="Application.cpp">
      <Filter>Core</Filter>
    </ClCompile>
    <ClCompile Include="DX12Descriptor.cpp">
      <Filter>Graphics\DX12</Filter>
    </ClCompile>
    <ClCompile Include="DX12PipelineState.cpp">
      <Filter>Graphics\DX12</Filter>
    </ClCompile>
    <ClCompile Include="DX12RootSignature.cpp">
      <Filter>Graphics\DX12</Filter>
    </ClCompile>
    <ClCompile Include="RendererConstant.cpp">
      <Filter>Graphics</Filter>
    </ClCompile>
    <ClCompile Include="..\Externals\Vender\D3D12MemoryAllocator\src\D3D12MemAlloc.cpp">
      <Filter>Externals\D3D12MemAlloc</Filter>
    </ClCompile>
    <ClCompile Include="DX12Resource.cpp">
      <Filter>Graphics\DX12</Filter>
    </ClCompile>
    <ClCompile Include="DX12Texture.cpp">
      <Filter>Graphics\DX12</Filter>
    </ClCompile>
  </ItemGroup>
  <ItemGroup>
    <ClInclude Include="DX12CommandQueue.h">
      <Filter>Graphics\DX12</Filter>
    </ClInclude>
    <ClInclude Include="DX12Device.h">
      <Filter>Graphics\DX12</Filter>
    </ClInclude>
    <ClInclude Include="DX12SwapChain.h">
      <Filter>Graphics\DX12</Filter>
    </ClInclude>
    <ClInclude Include="Renderer.h">
      <Filter>Graphics</Filter>
    </ClInclude>
    <ClInclude Include="DX12CommandList.h">
      <Filter>Graphics\DX12</Filter>
    </ClInclude>
    <ClInclude Include="Utility.h">
      <Filter>Core</Filter>
    </ClInclude>
    <ClInclude Include="Application.h">
      <Filter>Core</Filter>
    </ClInclude>
    <ClInclude Include="DX12Descriptor.h">
      <Filter>Graphics\DX12</Filter>
    </ClInclude>
    <ClInclude Include="DX12PipelineState.h">
      <Filter>Graphics\DX12</Filter>
    </ClInclude>
    <ClInclude Include="DX12RootSignature.h">
      <Filter>Graphics\DX12</Filter>
    </ClInclude>
    <ClInclude Include="DX12ConstantBuffer.h">
      <Filter>Graphics\DX12</Filter>
    </ClInclude>
    <ClInclude Include="DX12Buffer.h">
      <Filter>Graphics\DX12</Filter>
    </ClInclude>
    <ClInclude Include="DX12Texture.h">
      <Filter>Graphics\DX12</Filter>
    </ClInclude>
    <ClInclude Include="RendererConstant.h">
      <Filter>Graphics</Filter>
    </ClInclude>
    <ClInclude Include="Precompiled.h">
      <Filter>Core</Filter>
    </ClInclude>
    <ClInclude Include="..\Externals\Vender\D3D12MemoryAllocator\include\D3D12MemAlloc.h">
      <Filter>Externals\D3D12MemAlloc</Filter>
    </ClInclude>
    <ClInclude Include="DX12Resource.h">
      <Filter>Graphics\DX12</Filter>
    </ClInclude>
  </ItemGroup>
  <ItemGroup>
    <None Include="packages.config" />
  </ItemGroup>
  <ItemGroup>
    <FxCompile Include="..\Shaders\TexturedModelPS.hlsl">
      <Filter>Shaders</Filter>
    </FxCompile>
    <FxCompile Include="..\Shaders\TexturedModelVS.hlsl">
      <Filter>Shaders</Filter>
    </FxCompile>
  </ItemGroup>
</Project>