<?xml version="1.0" encoding="utf-8"?>
<Project ToolsVersion="4.0" xmlns="http://schemas.microsoft.com/developer/msbuild/2003">
  <ItemGroup>
    <Filter Include="Edit">
      <UniqueIdentifier>{B73BCC63-382C-8946-E3E3-67627A26B400}</UniqueIdentifier>
    </Filter>
    <Filter Include="Field">
      <UniqueIdentifier>{3075B895-CE63-1621-DD63-0961A5105361}</UniqueIdentifier>
    </Filter>
    <Filter Include="Hash">
      <UniqueIdentifier>{CB608ADB-E02E-AE71-D979-E74B4D78BC3A}</UniqueIdentifier>
    </Filter>
    <Filter Include="Math">
      <UniqueIdentifier>{ABBAAF69-F6D4-6BDD-4CFD-AAE41E9982AB}</UniqueIdentifier>
    </Filter>
    <Filter Include="Meshing">
      <UniqueIdentifier>{A0115B93-1EE6-C2E1-1D9A-AFB46C3F7F77}</UniqueIdentifier>
    </Filter>
    <Filter Include="Validation">
      <UniqueIdentifier>{A1E1E70A-B709-8474-B7C5-0E887A40AA4B}</UniqueIdentifier>
    </Filter>
    <Filter Include="World">
      <UniqueIdentifier>{1BB87F78-DA23-77F4-C83C-68C6A94EFE8A}</UniqueIdentifier>
    </Filter>
  </ItemGroup>
  <ItemGroup>
    <ClCompile Include="..\..\Sources\NapaVoxelCore\BuildContract.cpp" />
    <ClCompile Include="..\..\Sources\NapaVoxelCore\Edit\SphereEdit.cpp">
      <Filter>Edit</Filter>
    </ClCompile>
    <ClCompile Include="..\..\Sources\NapaVoxelCore\Edit\VoxelDamage.cpp">
      <Filter>Edit</Filter>
    </ClCompile>
    <ClCompile Include="..\..\Sources\NapaVoxelCore\Edit\VoxelMutation.cpp">
      <Filter>Edit</Filter>
    </ClCompile>
    <ClCompile Include="..\..\Sources\NapaVoxelCore\Edit\VoxelRestore.cpp">
      <Filter>Edit</Filter>
    </ClCompile>
    <ClCompile Include="..\..\Sources\NapaVoxelCore\Field\DensityQuantization.cpp">
      <Filter>Field</Filter>
    </ClCompile>
    <ClCompile Include="..\..\Sources\NapaVoxelCore\Field\Primitive.cpp">
      <Filter>Field</Filter>
    </ClCompile>
    <ClCompile Include="..\..\Sources\NapaVoxelCore\Hash\CanonicalHash.cpp">
      <Filter>Hash</Filter>
    </ClCompile>
    <ClCompile Include="..\..\Sources\NapaVoxelCore\Hash\VoxelWorldHash.cpp">
      <Filter>Hash</Filter>
    </ClCompile>
    <ClCompile Include="..\..\Sources\NapaVoxelCore\Meshing\BoundaryContour.cpp">
      <Filter>Meshing</Filter>
    </ClCompile>
    <ClCompile Include="..\..\Sources\NapaVoxelCore\Meshing\CpuMeshBatch.cpp">
      <Filter>Meshing</Filter>
    </ClCompile>
    <ClCompile Include="..\..\Sources\NapaVoxelCore\Meshing\DataOnlyPublication.cpp">
      <Filter>Meshing</Filter>
    </ClCompile>
    <ClCompile Include="..\..\Sources\NapaVoxelCore\Meshing\MeshValidation.cpp">
      <Filter>Meshing</Filter>
    </ClCompile>
    <ClCompile Include="..\..\Sources\NapaVoxelCore\Meshing\ReferenceMesher.cpp">
      <Filter>Meshing</Filter>
    </ClCompile>
    <ClCompile Include="..\..\Sources\NapaVoxelCore\Meshing\WorldMeshHash.cpp">
      <Filter>Meshing</Filter>
    </ClCompile>
    <ClCompile Include="..\..\Sources\NapaVoxelCore\World\Coordinates.cpp">
      <Filter>World</Filter>
    </ClCompile>
    <ClCompile Include="..\..\Sources\NapaVoxelCore\World\VoxelChunk.cpp">
      <Filter>World</Filter>
    </ClCompile>
    <ClCompile Include="..\..\Sources\NapaVoxelCore\World\VoxelWorld.cpp">
      <Filter>World</Filter>
    </ClCompile>
    <ClCompile Include="..\..\Sources\NapaVoxelCore\World\VoxelWorldConfig.cpp">
      <Filter>World</Filter>
    </ClCompile>
  </ItemGroup>
  <ItemGroup>
    <ClInclude Include="..\..\Sources\NapaVoxelCore\BuildContract.h" />
    <ClInclude Include="..\..\Sources\NapaVoxelCore\Edit\SphereEdit.h">
      <Filter>Edit</Filter>
    </ClInclude>
    <ClInclude Include="..\..\Sources\NapaVoxelCore\Edit\VoxelDamage.h">
      <Filter>Edit</Filter>
    </ClInclude>
    <ClInclude Include="..\..\Sources\NapaVoxelCore\Edit\VoxelMutation.h">
      <Filter>Edit</Filter>
    </ClInclude>
    <ClInclude Include="..\..\Sources\NapaVoxelCore\Edit\VoxelOperationDetail.h">
      <Filter>Edit</Filter>
    </ClInclude>
    <ClInclude Include="..\..\Sources\NapaVoxelCore\Field\DensityQuantization.h">
      <Filter>Field</Filter>
    </ClInclude>
    <ClInclude Include="..\..\Sources\NapaVoxelCore\Field\Primitive.h">
      <Filter>Field</Filter>
    </ClInclude>
    <ClInclude Include="..\..\Sources\NapaVoxelCore\Field\SignedDistance.h">
      <Filter>Field</Filter>
    </ClInclude>
    <ClInclude Include="..\..\Sources\NapaVoxelCore\Hash\CanonicalHash.h">
      <Filter>Hash</Filter>
    </ClInclude>
    <ClInclude Include="..\..\Sources\NapaVoxelCore\Hash\CanonicalVoxelSerialization.h">
      <Filter>Hash</Filter>
    </ClInclude>
    <ClInclude Include="..\..\Sources\NapaVoxelCore\Hash\VoxelWorldHash.h">
      <Filter>Hash</Filter>
    </ClInclude>
    <ClInclude Include="..\..\Sources\NapaVoxelCore\Math\Vector.h">
      <Filter>Math</Filter>
    </ClInclude>
    <ClInclude Include="..\..\Sources\NapaVoxelCore\Meshing\BoundaryContour.h">
      <Filter>Meshing</Filter>
    </ClInclude>
    <ClInclude Include="..\..\Sources\NapaVoxelCore\Meshing\ChunkMeshRecord.h">
      <Filter>Meshing</Filter>
    </ClInclude>
    <ClInclude Include="..\..\Sources\NapaVoxelCore\Meshing\CpuMeshBatch.h">
      <Filter>Meshing</Filter>
    </ClInclude>
    <ClInclude Include="..\..\Sources\NapaVoxelCore\Meshing\DataOnlyPublication.h">
      <Filter>Meshing</Filter>
    </ClInclude>
    <ClInclude Include="..\..\Sources\NapaVoxelCore\Meshing\DataOnlyPublicationDetail.h">
      <Filter>Meshing</Filter>
    </ClInclude>
    <ClInclude Include="..\..\Sources\NapaVoxelCore\Meshing\MeshData.h">
      <Filter>Meshing</Filter>
    </ClInclude>
    <ClInclude Include="..\..\Sources\NapaVoxelCore\Meshing\MeshValidation.h">
      <Filter>Meshing</Filter>
    </ClInclude>
    <ClInclude Include="..\..\Sources\NapaVoxelCore\Meshing\ReferenceMesher.h">
      <Filter>Meshing</Filter>
    </ClInclude>
    <ClInclude Include="..\..\Sources\NapaVoxelCore\Meshing\WorldMeshHash.h">
      <Filter>Meshing</Filter>
    </ClInclude>
    <ClInclude Include="..\..\Sources\NapaVoxelCore\Validation\CheckedArithmetic.h">
      <Filter>Validation</Filter>
    </ClInclude>
    <ClInclude Include="..\..\Sources\NapaVoxelCore\Validation\ValidationResult.h">
      <Filter>Validation</Filter>
    </ClInclude>
    <ClInclude Include="..\..\Sources\NapaVoxelCore\World\Coordinates.h">
      <Filter>World</Filter>
    </ClInclude>
    <ClInclude Include="..\..\Sources\NapaVoxelCore\World\VoxelChunk.h">
      <Filter>World</Filter>
    </ClInclude>
    <ClInclude Include="..\..\Sources\NapaVoxelCore\World\VoxelRestore.h">
      <Filter>World</Filter>
    </ClInclude>
    <ClInclude Include="..\..\Sources\NapaVoxelCore\World\VoxelSample.h">
      <Filter>World</Filter>
    </ClInclude>
    <ClInclude Include="..\..\Sources\NapaVoxelCore\World\VoxelWorld.h">
      <Filter>World</Filter>
    </ClInclude>
    <ClInclude Include="..\..\Sources\NapaVoxelCore\World\VoxelWorldConfig.h">
      <Filter>World</Filter>
    </ClInclude>
  </ItemGroup>
</Project>