<?xml version="1.0" encoding="utf-8"?>
<Project ToolsVersion="4.0" xmlns="http://schemas.microsoft.com/developer/msbuild/2003">
  <ItemGroup>
    <Filter Include="NapaVoxelCore">
      <UniqueIdentifier>{D19CAA60-7BC0-4DE0-9FC9-E193B939D215}</UniqueIdentifier>
    </Filter>
    <Filter Include="NapaVoxelCore\Validation">
      <UniqueIdentifier>{48DC8EEC-0BAD-4E86-BEFB-C03171361819}</UniqueIdentifier>
    </Filter>
    <Filter Include="NapaVoxelCore\World">
      <UniqueIdentifier>{D35A7A7D-4285-47FD-A4EB-76B2AE29DDE0}</UniqueIdentifier>
    </Filter>
  </ItemGroup>
  <ItemGroup>
    <ClInclude Include="..\..\Sources\NapaVoxelCore\BuildContract.h">
      <Filter>NapaVoxelCore</Filter>
    </ClInclude>
    <ClInclude Include="..\..\Sources\NapaVoxelCore\Validation\CheckedArithmetic.h">
      <Filter>NapaVoxelCore\Validation</Filter>
    </ClInclude>
    <ClInclude Include="..\..\Sources\NapaVoxelCore\Validation\ValidationResult.h">
      <Filter>NapaVoxelCore\Validation</Filter>
    </ClInclude>
    <ClInclude Include="..\..\Sources\NapaVoxelCore\World\Coordinates.h">
      <Filter>NapaVoxelCore\World</Filter>
    </ClInclude>
    <ClInclude Include="..\..\Sources\NapaVoxelCore\World\VoxelWorldConfig.h">
      <Filter>NapaVoxelCore\World</Filter>
    </ClInclude>
  </ItemGroup>
  <ItemGroup>
    <ClCompile Include="..\..\Sources\NapaVoxelCore\BuildContract.cpp">
      <Filter>NapaVoxelCore</Filter>
    </ClCompile>
    <ClCompile Include="..\..\Sources\NapaVoxelCore\World\Coordinates.cpp">
      <Filter>NapaVoxelCore\World</Filter>
    </ClCompile>
    <ClCompile Include="..\..\Sources\NapaVoxelCore\World\VoxelWorldConfig.cpp">
      <Filter>NapaVoxelCore\World</Filter>
    </ClCompile>
  </ItemGroup>
</Project>
