<?xml version="1.0" encoding="utf-8"?>
<Project ToolsVersion="4.0" xmlns="http://schemas.microsoft.com/developer/msbuild/2003">
  <ItemGroup>
    <Filter Include="Private">
      <UniqueIdentifier>{AB1FE7D8-A471-610B-E8E9-BE6F3FDEC143}</UniqueIdentifier>
    </Filter>
    <Filter Include="Public">
      <UniqueIdentifier>{EE66B9C1-A626-9488-363F-614366BB7E06}</UniqueIdentifier>
    </Filter>
    <Filter Include="Public\ShaderArtifactRuntime">
      <UniqueIdentifier>{57813C07-06F8-4EA1-0E35-3DB6BF4B734E}</UniqueIdentifier>
    </Filter>
  </ItemGroup>
  <ItemGroup>
    <ClCompile Include="..\..\Sources\ShaderArtifactRuntime\Private\ShaderArtifact.cpp">
      <Filter>Private</Filter>
    </ClCompile>
    <ClCompile Include="..\..\Sources\ShaderArtifactRuntime\Private\ShaderArtifactStore.cpp">
      <Filter>Private</Filter>
    </ClCompile>
    <ClCompile Include="..\..\Sources\ShaderArtifactRuntime\Private\ShaderLooseArtifactIO.cpp">
      <Filter>Private</Filter>
    </ClCompile>
    <ClCompile Include="..\..\Sources\ShaderArtifactRuntime\Private\ShaderPreviewLooseIO.cpp">
      <Filter>Private</Filter>
    </ClCompile>
    <ClCompile Include="..\..\Sources\ShaderArtifactRuntime\Private\ShaderPreviewPublication.cpp">
      <Filter>Private</Filter>
    </ClCompile>
    <ClCompile Include="..\..\Sources\ShaderArtifactRuntime\Private\ShaderProgramRegistry.cpp">
      <Filter>Private</Filter>
    </ClCompile>
    <ClCompile Include="..\..\Sources\ShaderArtifactRuntime\Private\ShaderProgramRegistryArtifact.cpp">
      <Filter>Private</Filter>
    </ClCompile>
    <ClCompile Include="..\..\Sources\ShaderArtifactRuntime\Private\ShaderRuntimeArtifact.cpp">
      <Filter>Private</Filter>
    </ClCompile>
  </ItemGroup>
  <ItemGroup>
    <ClInclude Include="..\..\Sources\ShaderArtifactRuntime\Public\ShaderArtifactRuntime\GGLabShaderPrograms.h">
      <Filter>Public\ShaderArtifactRuntime</Filter>
    </ClInclude>
    <ClInclude Include="..\..\Sources\ShaderArtifactRuntime\Public\ShaderArtifactRuntime\ShaderArtifact.h">
      <Filter>Public\ShaderArtifactRuntime</Filter>
    </ClInclude>
    <ClInclude Include="..\..\Sources\ShaderArtifactRuntime\Public\ShaderArtifactRuntime\ShaderArtifactManifest.h">
      <Filter>Public\ShaderArtifactRuntime</Filter>
    </ClInclude>
    <ClInclude Include="..\..\Sources\ShaderArtifactRuntime\Public\ShaderArtifactRuntime\ShaderArtifactStore.h">
      <Filter>Public\ShaderArtifactRuntime</Filter>
    </ClInclude>
    <ClInclude Include="..\..\Sources\ShaderArtifactRuntime\Public\ShaderArtifactRuntime\ShaderArtifactTypes.h">
      <Filter>Public\ShaderArtifactRuntime</Filter>
    </ClInclude>
    <ClInclude Include="..\..\Sources\ShaderArtifactRuntime\Public\ShaderArtifactRuntime\ShaderCompilerProcessContract.h">
      <Filter>Public\ShaderArtifactRuntime</Filter>
    </ClInclude>
    <ClInclude Include="..\..\Sources\ShaderArtifactRuntime\Public\ShaderArtifactRuntime\ShaderGraphPreviewProgram.h">
      <Filter>Public\ShaderArtifactRuntime</Filter>
    </ClInclude>
    <ClInclude Include="..\..\Sources\ShaderArtifactRuntime\Public\ShaderArtifactRuntime\ShaderLooseArtifactIO.h">
      <Filter>Public\ShaderArtifactRuntime</Filter>
    </ClInclude>
    <ClInclude Include="..\..\Sources\ShaderArtifactRuntime\Public\ShaderArtifactRuntime\ShaderPreviewLooseIO.h">
      <Filter>Public\ShaderArtifactRuntime</Filter>
    </ClInclude>
    <ClInclude Include="..\..\Sources\ShaderArtifactRuntime\Public\ShaderArtifactRuntime\ShaderPreviewPublication.h">
      <Filter>Public\ShaderArtifactRuntime</Filter>
    </ClInclude>
    <ClInclude Include="..\..\Sources\ShaderArtifactRuntime\Public\ShaderArtifactRuntime\ShaderProgramRegistry.h">
      <Filter>Public\ShaderArtifactRuntime</Filter>
    </ClInclude>
    <ClInclude Include="..\..\Sources\ShaderArtifactRuntime\Public\ShaderArtifactRuntime\ShaderProgramRegistryArtifact.h">
      <Filter>Public\ShaderArtifactRuntime</Filter>
    </ClInclude>
    <ClInclude Include="..\..\Sources\ShaderArtifactRuntime\Public\ShaderArtifactRuntime\ShaderRuntimeArtifact.h">
      <Filter>Public\ShaderArtifactRuntime</Filter>
    </ClInclude>
    <ClInclude Include="..\..\Sources\ShaderArtifactRuntime\Public\ShaderArtifactRuntime\VulkanShaderRuntimeABI.h">
      <Filter>Public\ShaderArtifactRuntime</Filter>
    </ClInclude>
  </ItemGroup>
</Project>